
Microsoft Visual Studio Solution File, Format Version 12.00
# Visual Studio Version 17
VisualStudioVersion = 17.5.002.0
MinimumVisualStudioVersion = 10.0.40219.1
Project("{9A19103F-16F7-4668-BE54-9A1E7A4F7556}") = "TinhSoNgayTrongThang", "TinhSoNgayTrongThang.csproj", "{A2A5A3DE-17DD-491B-999B-B60A72F127AF}"
EndProject
Global
	GlobalSection(SolutionConfigurationPlatforms) = preSolution
		Debug|Any CPU = Debug|Any CPU
		Release|Any CPU = Release|Any CPU
	EndGlobalSection
	GlobalSection(ProjectConfigurationPlatforms) = postSolution
		{A2A5A3DE-17DD-491B-999B-B60A72F127AF}.Debug|Any CPU.ActiveCfg = Debug|Any CPU
		{A2A5A3DE-17DD-491B-999B-B60A72F127AF}.Debug|Any CPU.Build.0 = Debug|Any CPU
		{A2A5A3DE-17DD-491B-999B-B60A72F127AF}.Release|Any CPU.ActiveCfg = Release|Any CPU
		{A2A5A3DE-17DD-491B-999B-B60A72F127AF}.Release|Any CPU.Build.0 = Release|Any CPU
	EndGlobalSection
	GlobalSection(SolutionProperties) = preSolution
		HideSolutionNode = FALSE
	EndGlobalSection
	GlobalSection(ExtensibilityGlobals) = postSolution
		SolutionGuid = {A514125F-E733-4496-9C7B-ECF561B5FB23}
	EndGlobalSection
EndGlobal
